Microsoft Visual Studio Solution File, Format Version 12.00
# Visual Studio 15
VisualStudioVersion = 15.0.26228.4
MinimumVisualStudioVersion = 10.0.40219.1
Project("{FAE04EC0-301F-11D3-BF4B-00C04F79EFBC}") = "rts.functoids", "sources\rts.functoids\rts.functoids.csproj", "{6BE3F455-251A-407B-8C5E-FA77A0861BF4}"
EndProject
Project("{E24C65DC-7377-472B-9ABA-BC803B73C61A}") = "web", "web\", "{692284D7-CEDD-483B-A395-B8EEF76F9C3D}"
	ProjectSection(WebsiteProperties) = preProject
		TargetFrameworkMoniker = ".NETFramework,Version%3Dv4.6.1"
		Debug.AspNetCompiler.VirtualPath = "/localhost_22538"
		Debug.AspNetCompiler.PhysicalPath = "web\"
		Debug.AspNetCompiler.TargetPath = "PrecompiledWeb\localhost_22538\"
		Debug.AspNetCompiler.Updateable = "true"
		Debug.AspNetCompiler.ForceOverwrite = "true"
		Debug.AspNetCompiler.FixedNames = "false"
		Debug.AspNetCompiler.Debug = "True"
		Release.AspNetCompiler.VirtualPath = "/localhost_22538"
		Release.AspNetCompiler.PhysicalPath = "web\"
		Release.AspNetCompiler.TargetPath = "PrecompiledWeb\localhost_22538\"
		Release.AspNetCompiler.Updateable = "true"
		Release.AspNetCompiler.ForceOverwrite = "true"
		Release.AspNetCompiler.FixedNames = "false"
		Release.AspNetCompiler.Debug = "False"
		VWDPort = "22538"
		SlnRelativePath = "web\"
	EndProjectSection
EndProject
Project("{2150E333-8FDC-42A3-9474-1A3956D46DE8}") = "sources", "sources", "{FF70C4E6-E03F-4A6A-938B-4F18145257E5}"
EndProject
Project("{2150E333-8FDC-42A3-9474-1A3956D46DE8}") = "EndpointPersmissionSetting", "EndpointPersmissionSetting", "{1F5E1217-CE67-43E6-AF22-FD0246592C54}"
	ProjectSection(SolutionItems) = preProject
		sources\EndpointPermissionSetting\default.json = sources\EndpointPermissionSetting\default.json
	EndProjectSection
EndProject
Project("{FAE04EC0-301F-11D3-BF4B-00C04F79EFBC}") = "subscriber.rts.logs", "sources\subscriber.rts.logs\subscriber.rts.logs.csproj", "{E2A8D433-17D5-489A-A3C9-A50FF3D7CB2B}"
EndProject
Project("{FAE04EC0-301F-11D3-BF4B-00C04F79EFBC}") = "rts.pickup.babies", "sources\rts.pickup.babies\rts.pickup.babies.csproj", "{F37FA01E-EBDF-46FC-A5A8-55705BFE3DE9}"
EndProject
Project("{FAE04EC0-301F-11D3-BF4B-00C04F79EFBC}") = "ipos.deposit.snb.receive.location", "sources\ipos.deposit.snb.receive.location\ipos.deposit.snb.receive.location.csproj", "{9DB4C9DA-5AB3-408D-9D5B-5AC0B5AC542B}"
EndProject
Project("{FAE04EC0-301F-11D3-BF4B-00C04F79EFBC}") = "sow.receive.location", "sources\sow.receive.location\sow.receive.location.csproj", "{837B1B37-AB09-4B8B-BF30-6458CCEAB333}"
EndProject
Global
	GlobalSection(SolutionConfigurationPlatforms) = preSolution
		Debug|Any CPU = Debug|Any CPU
		Release|Any CPU = Release|Any CPU
	EndGlobalSection
	GlobalSection(ProjectConfigurationPlatforms) = postSolution
		{6BE3F455-251A-407B-8C5E-FA77A0861BF4}.Debug|Any CPU.ActiveCfg = Debug|Any CPU
		{6BE3F455-251A-407B-8C5E-FA77A0861BF4}.Debug|Any CPU.Build.0 = Debug|Any CPU
		{6BE3F455-251A-407B-8C5E-FA77A0861BF4}.Release|Any CPU.ActiveCfg = Release|Any CPU
		{6BE3F455-251A-407B-8C5E-FA77A0861BF4}.Release|Any CPU.Build.0 = Release|Any CPU
		{692284D7-CEDD-483B-A395-B8EEF76F9C3D}.Debug|Any CPU.ActiveCfg = Debug|Any CPU
		{692284D7-CEDD-483B-A395-B8EEF76F9C3D}.Debug|Any CPU.Build.0 = Debug|Any CPU
		{692284D7-CEDD-483B-A395-B8EEF76F9C3D}.Release|Any CPU.ActiveCfg = Debug|Any CPU
		{692284D7-CEDD-483B-A395-B8EEF76F9C3D}.Release|Any CPU.Build.0 = Debug|Any CPU
		{E2A8D433-17D5-489A-A3C9-A50FF3D7CB2B}.Debug|Any CPU.ActiveCfg = Debug|Any CPU
		{E2A8D433-17D5-489A-A3C9-A50FF3D7CB2B}.Debug|Any CPU.Build.0 = Debug|Any CPU
		{E2A8D433-17D5-489A-A3C9-A50FF3D7CB2B}.Release|Any CPU.ActiveCfg = Release|Any CPU
		{E2A8D433-17D5-489A-A3C9-A50FF3D7CB2B}.Release|Any CPU.Build.0 = Release|Any CPU
		{F37FA01E-EBDF-46FC-A5A8-55705BFE3DE9}.Debug|Any CPU.ActiveCfg = Debug|Any CPU
		{F37FA01E-EBDF-46FC-A5A8-55705BFE3DE9}.Debug|Any CPU.Build.0 = Debug|Any CPU
		{F37FA01E-EBDF-46FC-A5A8-55705BFE3DE9}.Release|Any CPU.ActiveCfg = Release|Any CPU
		{F37FA01E-EBDF-46FC-A5A8-55705BFE3DE9}.Release|Any CPU.Build.0 = Release|Any CPU
		{9DB4C9DA-5AB3-408D-9D5B-5AC0B5AC542B}.Debug|Any CPU.ActiveCfg = Debug|Any CPU
		{9DB4C9DA-5AB3-408D-9D5B-5AC0B5AC542B}.Debug|Any CPU.Build.0 = Debug|Any CPU
		{9DB4C9DA-5AB3-408D-9D5B-5AC0B5AC542B}.Release|Any CPU.ActiveCfg = Release|Any CPU
		{9DB4C9DA-5AB3-408D-9D5B-5AC0B5AC542B}.Release|Any CPU.Build.0 = Release|Any CPU
		{837B1B37-AB09-4B8B-BF30-6458CCEAB333}.Debug|Any CPU.ActiveCfg = Debug|Any CPU
		{837B1B37-AB09-4B8B-BF30-6458CCEAB333}.Debug|Any CPU.Build.0 = Debug|Any CPU
		{837B1B37-AB09-4B8B-BF30-6458CCEAB333}.Release|Any CPU.ActiveCfg = Release|Any CPU
		{837B1B37-AB09-4B8B-BF30-6458CCEAB333}.Release|Any CPU.Build.0 = Release|Any CPU
	EndGlobalSection
	GlobalSection(SolutionProperties) = preSolution
		HideSolutionNode = FALSE
	EndGlobalSection
	GlobalSection(NestedProjects) = preSolution
		{1F5E1217-CE67-43E6-AF22-FD0246592C54} = {FF70C4E6-E03F-4A6A-938B-4F18145257E5}
	EndGlobalSection
EndGlobal
